// !$*UTF8*$!
{
	archiveVersion = 1;
	classes = {
	};
	objectVersion = 55;
	objects = {

/* Begin PBXBuildFile section */
		83FBD4C62881C864001EEADC /* AppDelegate.swift in Sources */ = {isa = PBXBuildFile; fileRef = 83FBD4C52881C864001EEADC /* AppDelegate.swift */; };
		83FBD4CF2881C865001EEADC /* Assets.xcassets in Resources */ = {isa = PBXBuildFile; fileRef = 83FBD4CE2881C865001EEADC /* Assets.xcassets */; };
		83FBD4D22881C865001EEADC /* LaunchScreen.storyboard in Resources */ = {isa = PBXBuildFile; fileRef = 83FBD4D02881C865001EEADC /* LaunchScreen.storyboard */; };
		83FBD4DD2881C865001EEADC /* WorkoutTests.swift in Sources */ = {isa = PBXBuildFile; fileRef = 83FBD4DC2881C865001EEADC /* WorkoutTests.swift */; };
		83FBD4E72881C865001EEADC /* WorkoutUITests.swift in Sources */ = {isa = PBXBuildFile; fileRef = 83FBD4E62881C865001EEADC /* WorkoutUITests.swift */; };
		83FBD4E92881C865001EEADC /* WorkoutUITestsLaunchTests.swift in Sources */ = {isa = PBXBuildFile; fileRef = 83FBD4E82881C865001EEADC /* WorkoutUITestsLaunchTests.swift */; };
/* End PBXBuildFile section */

/* Begin PBXContainerItemProxy section */
		83FBD4D92881C865001EEADC /* PBXContainerItemProxy */ = {
			isa = PBXContainerItemProxy;
			containerPortal = 83FBD4BA2881C864001EEADC /* Project object */;
			proxyType = 1;
			remoteGlobalIDString = 83FBD4C12881C864001EEADC;
			remoteInfo = Workout;
		};
		83FBD4E32881C865001EEADC /* PBXContainerItemProxy */ = {
			isa = PBXContainerItemProxy;
			containerPortal = 83FBD4BA2881C864001EEADC /* Project object */;
			proxyType = 1;
			remoteGlobalIDString = 83FBD4C12881C864001EEADC;
			remoteInfo = Workout;
		};
/* End PBXContainerItemProxy section */

/* Begin PBXFileReference section */
		83FBD4C22881C864001EEADC /* Workout.app */ = {isa = PBXFileReference; explicitFileType = wrapper.application; includeInIndex = 0; path = Workout.app; sourceTree = BUILT_PRODUCTS_DIR; };
		83FBD4C52881C864001EEADC /* AppDelegate.swift */ = {isa = PBXFileReference; lastKnownFileType = sourcecode.swift; path = AppDelegate.swift; sourceTree = "<group>"; };
		83FBD4CE2881C865001EEADC /* Assets.xcassets */ = {isa = PBXFileReference; lastKnownFileType = folder.assetcatalog; path = Assets.xcassets; sourceTree = "<group>"; };
		83FBD4D12881C865001EEADC /* Base */ = {isa = PBXFileReference; lastKnownFileType = file.storyboard; name = Base; path = Base.lproj/LaunchScreen.storyboard; sourceTree = "<group>"; };
		83FBD4D32881C865001EEADC /* Info.plist */ = {isa = PBXFileReference; lastKnownFileType = text.plist.xml; path = Info.plist; sourceTree = "<group>"; };
		83FBD4D82881C865001EEADC /* WorkoutTests.xctest */ = {isa = PBXFileReference; explicitFileType = wrapper.cfbundle; includeInIndex = 0; path = WorkoutTests.xctest; sourceTree = BUILT_PRODUCTS_DIR; };
		83FBD4DC2881C865001EEADC /* WorkoutTests.swift */ = {isa = PBXFileReference; lastKnownFileType = sourcecode.swift; path = WorkoutTests.swift; sourceTree = "<group>"; };
		83FBD4E22881C865001EEADC /* WorkoutUITests.xctest */ = {isa = PBXFileReference; explicitFileType = wrapper.cfbundle; includeInIndex = 0; path = WorkoutUITests.xctest; sourceTree = BUILT_PRODUCTS_DIR; };
		83FBD4E62881C865001EEADC /* WorkoutUITests.swift */ = {isa = PBXFileReference; lastKnownFileType = sourcecode.swift; path = WorkoutUITests.swift; sourceTree = "<group>"; };
		83FBD4E82881C865001EEADC /* WorkoutUITestsLaunchTests.swift */ = {isa = PBXFileReference; lastKnownFileType = sourcecode.swift; path = WorkoutUITestsLaunchTests.swift; sourceTree = "<group>"; };
/* End PBXFileReference section */

/* Begin PBXFrameworksBuildPhase section */
		83FBD4BF2881C864001EEADC /* Frameworks */ = {
			isa = PBXFrameworksBuildPhase;
			buildActionMask = 2147483647;
			files = (
			);
			runOnlyForDeploymentPostprocessing = 0;
		};
		83FBD4D52881C865001EEADC /* Frameworks */ = {
			isa = PBXFrameworksBuildPhase;
			buildActionMask = 2147483647;
			files = (
			);
			runOnlyForDeploymentPostprocessing = 0;
		};
		83FBD4DF2881C865001EEADC /* Frameworks */ = {
			isa = PBXFrameworksBuildPhase;
			buildActionMask = 2147483647;
			files = (
			);
			runOnlyForDeploymentPostprocessing = 0;
		};
/* End PBXFrameworksBuildPhase section */

/* Begin PBXGroup section */
		83FBD4B92881C864001EEADC = {
			isa = PBXGroup;
			children = (
				83FBD4C42881C864001EEADC /* Workout */,
				83FBD4DB2881C865001EEADC /* WorkoutTests */,
				83FBD4E52881C865001EEADC /* WorkoutUITests */,
				83FBD4C32881C864001EEADC /* Products */,
			);
			sourceTree = "<group>";
		};
		83FBD4C32881C864001EEADC /* Products */ = {
			isa = PBXGroup;
			children = (
				83FBD4C22881C864001EEADC /* Workout.app */,
				83FBD4D82881C865001EEADC /* WorkoutTests.xctest */,
				83FBD4E22881C865001EEADC /* WorkoutUITests.xctest */,
			);
			name = Products;
			sourceTree = "<group>";
		};
		83FBD4C42881C864001EEADC /* Workout */ = {
			isa = PBXGroup;
			children = (
				83FBD4D32881C865001EEADC /* Info.plist */,
				83FBD4F52881C86E001EEADC /* Application */,
				83FBD4F62881C875001EEADC /* Common */,
				83FBD4F82881C883001EEADC /* Modules */,
				83FBD4F92881C88F001EEADC /* Network */,
				83FBD4F72881C87B001EEADC /* Resources */,
			);
			path = Workout;
			sourceTree = "<group>";
		};
		83FBD4DB2881C865001EEADC /* WorkoutTests */ = {
			isa = PBXGroup;
			children = (
				83FBD4DC2881C865001EEADC /* WorkoutTests.swift */,
			);
			path = WorkoutTests;
			sourceTree = "<group>";
		};
		83FBD4E52881C865001EEADC /* WorkoutUITests */ = {
			isa = PBXGroup;
			children = (
				83FBD4E62881C865001EEADC /* WorkoutUITests.swift */,
				83FBD4E82881C865001EEADC /* WorkoutUITestsLaunchTests.swift */,
			);
			path = WorkoutUITests;
			sourceTree = "<group>";
		};
		83FBD4F52881C86E001EEADC /* Application */ = {
			isa = PBXGroup;
			children = (
				83FBD4C52881C864001EEADC /* AppDelegate.swift */,
			);
			path = Application;
			sourceTree = "<group>";
		};
		83FBD4F62881C875001EEADC /* Common */ = {
			isa = PBXGroup;
			children = (
			);
			path = Common;
			sourceTree = "<group>";
		};
		83FBD4F72881C87B001EEADC /* Resources */ = {
			isa = PBXGroup;
			children = (
				83FBD4CE2881C865001EEADC /* Assets.xcassets */,
				83FBD4D02881C865001EEADC /* LaunchScreen.storyboard */,
			);
			path = Resources;
			sourceTree = "<group>";
		};
		83FBD4F82881C883001EEADC /* Modules */ = {
			isa = PBXGroup;
			children = (
			);
			path = Modules;
			sourceTree = "<group>";
		};
		83FBD4F92881C88F001EEADC /* Network */ = {
			isa = PBXGroup;
			children = (
			);
			path = Network;
			sourceTree = "<group>";
		};
/* End PBXGroup section */

/* Begin PBXNativeTarget section */
		83FBD4C12881C864001EEADC /* Workout */ = {
			isa = PBXNativeTarget;
			buildConfigurationList = 83FBD4EC2881C865001EEADC /* Build configuration list for PBXNativeTarget "Workout" */;
			buildPhases = (
				83FBD4BE2881C864001EEADC /* Sources */,
				83FBD4BF2881C864001EEADC /* Frameworks */,
				83FBD4C02881C864001EEADC /* Resources */,
			);
			buildRules = (
			);
			dependencies = (
			);
			name = Workout;
			productName = Workout;
			productReference = 83FBD4C22881C864001EEADC /* Workout.app */;
			productType = "com.apple.product-type.application";
		};
		83FBD4D72881C865001EEADC /* WorkoutTests */ = {
			isa = PBXNativeTarget;
			buildConfigurationList = 83FBD4EF2881C865001EEADC /* Build configuration list for PBXNativeTarget "WorkoutTests" */;
			buildPhases = (
				83FBD4D42881C865001EEADC /* Sources */,
				83FBD4D52881C865001EEADC /* Frameworks */,
				83FBD4D62881C865001EEADC /* Resources */,
			);
			buildRules = (
			);
			dependencies = (
				83FBD4DA2881C865001EEADC /* PBXTargetDependency */,
			);
			name = WorkoutTests;
			productName = WorkoutTests;
			productReference = 83FBD4D82881C865001EEADC /* WorkoutTests.xctest */;
			productType = "com.apple.product-type.bundle.unit-test";
		};
		83FBD4E12881C865001EEADC /* WorkoutUITests */ = {
			isa = PBXNativeTarget;
			buildConfigurationList = 83FBD4F22881C865001EEADC /* Build configuration list for PBXNativeTarget "WorkoutUITests" */;
			buildPhases = (
				83FBD4DE2881C865001EEADC /* Sources */,
				83FBD4DF2881C865001EEADC /* Frameworks */,
				83FBD4E02881C865001EEADC /* Resources */,
			);
			buildRules = (
			);
			dependencies = (
				83FBD4E42881C865001EEADC /* PBXTargetDependency */,
			);
			name = WorkoutUITests;
			productName = WorkoutUITests;
			productReference = 83FBD4E22881C865001EEADC /* WorkoutUITests.xctest */;
			productType = "com.apple.product-type.bundle.ui-testing";
		};
/* End PBXNativeTarget section */

/* Begin PBXProject section */
		83FBD4BA2881C864001EEADC /* Project object */ = {
			isa = PBXProject;
			attributes = {
				BuildIndependentTargetsInParallel = 1;
				LastSwiftUpdateCheck = 1340;
				LastUpgradeCheck = 1340;
				TargetAttributes = {
					83FBD4C12881C864001EEADC = {
						CreatedOnToolsVersion = 13.4;
					};
					83FBD4D72881C865001EEADC = {
						CreatedOnToolsVersion = 13.4;
						TestTargetID = 83FBD4C12881C864001EEADC;
					};
					83FBD4E12881C865001EEADC = {
						CreatedOnToolsVersion = 13.4;
						TestTargetID = 83FBD4C12881C864001EEADC;
					};
				};
			};
			buildConfigurationList = 83FBD4BD2881C864001EEADC /* Build configuration list for PBXProject "Workout" */;
			compatibilityVersion = "Xcode 13.0";
			developmentRegion = en;
			hasScannedForEncodings = 0;
			knownRegions = (
				en,
				Base,
			);
			mainGroup = 83FBD4B92881C864001EEADC;
			productRefGroup = 83FBD4C32881C864001EEADC /* Products */;
			projectDirPath = "";
			projectRoot = "";
			targets = (
				83FBD4C12881C864001EEADC /* Workout */,
				83FBD4D72881C865001EEADC /* WorkoutTests */,
				83FBD4E12881C865001EEADC /* WorkoutUITests */,
			);
		};
/* End PBXProject section */

/* Begin PBXResourcesBuildPhase section */
		83FBD4C02881C864001EEADC /* Resources */ = {
			isa = PBXResourcesBuildPhase;
			buildActionMask = 2147483647;
			files = (
				83FBD4D22881C865001EEADC /* LaunchScreen.storyboard in Resources */,
				83FBD4CF2881C865001EEADC /* Assets.xcassets in Resources */,
			);
			runOnlyForDeploymentPostprocessing = 0;
		};
		83FBD4D62881C865001EEADC /* Resources */ = {
			isa = PBXResourcesBuildPhase;
			buildActionMask = 2147483647;
			files = (
			);
			runOnlyForDeploymentPostprocessing = 0;
		};
		83FBD4E02881C865001EEADC /* Resources */ = {
			isa = PBXResourcesBuildPhase;
			buildActionMask = 2147483647;
			files = (
			);
			runOnlyForDeploymentPostprocessing = 0;
		};
/* End PBXResourcesBuildPhase section */

/* Begin PBXSourcesBuildPhase section */
		83FBD4BE2881C864001EEADC /* Sources */ = {
			isa = PBXSourcesBuildPhase;
			buildActionMask = 2147483647;
			files = (
				83FBD4C62881C864001EEADC /* AppDelegate.swift in Sources */,
			);
			runOnlyForDeploymentPostprocessing = 0;
		};
		83FBD4D42881C865001EEADC /* Sources */ = {
			isa = PBXSourcesBuildPhase;
			buildActionMask = 2147483647;
			files = (
				83FBD4DD2881C865001EEADC /* WorkoutTests.swift in Sources */,
			);
			runOnlyForDeploymentPostprocessing = 0;
		};
		83FBD4DE2881C865001EEADC /* Sources */ = {
			isa = PBXSourcesBuildPhase;
			buildActionMask = 2147483647;
			files = (
				83FBD4E92881C865001EEADC /* WorkoutUITestsLaunchTests.swift in Sources */,
				83FBD4E72881C865001EEADC /* WorkoutUITests.swift in Sources */,
			);
			runOnlyForDeploymentPostprocessing = 0;
		};
/* End PBXSourcesBuildPhase section */

/* Begin PBXTargetDependency section */
		83FBD4DA2881C865001EEADC /* PBXTargetDependency */ = {
			isa = PBXTargetDependency;
			target = 83FBD4C12881C864001EEADC /* Workout */;
			targetProxy = 83FBD4D92881C865001EEADC /* PBXContainerItemProxy */;
		};
		83FBD4E42881C865001EEADC /* PBXTargetDependency */ = {
			isa = PBXTargetDependency;
			target = 83FBD4C12881C864001EEADC /* Workout */;
			targetProxy = 83FBD4E32881C865001EEADC /* PBXContainerItemProxy */;
		};
/* End PBXTargetDependency section */

/* Begin PBXVariantGroup section */
		83FBD4D02881C865001EEADC /* LaunchScreen.storyboard */ = {
			isa = PBXVariantGroup;
			children = (
				83FBD4D12881C865001EEADC /* Base */,
			);
			name = LaunchScreen.storyboard;
			sourceTree = "<group>";
		};
/* End PBXVariantGroup section */

/* Begin XCBuildConfiguration section */
		83FBD4EA2881C865001EEADC /* Debug */ = {
			isa = XCBuildConfiguration;
			buildSettings = {
				ALWAYS_SEARCH_USER_PATHS = NO;
				CLANG_ANALYZER_NONNULL = YES;
				CLANG_ANALYZER_NUMBER_OBJECT_CONVERSION = YES_AGGRESSIVE;
				CLANG_CXX_LANGUAGE_STANDARD = "gnu++17";
				CLANG_ENABLE_MODULES = YES;
				CLANG_ENABLE_OBJC_ARC = YES;
				CLANG_ENABLE_OBJC_WEAK = YES;
				CLANG_WARN_BLOCK_CAPTURE_AUTORELEASING = YES;
				CLANG_WARN_BOOL_CONVERSION = YES;
				CLANG_WARN_COMMA = YES;
				CLANG_WARN_CONSTANT_CONVERSION = YES;
				CLANG_WARN_DEPRECATED_OBJC_IMPLEMENTATIONS = YES;
				CLANG_WARN_DIRECT_OBJC_ISA_USAGE = YES_ERROR;
				CLANG_WARN_DOCUMENTATION_COMMENTS = YES;
				CLANG_WARN_EMPTY_BODY = YES;
				CLANG_WARN_ENUM_CONVERSION = YES;
				CLANG_WARN_INFINITE_RECURSION = YES;
				CLANG_WARN_INT_CONVERSION = YES;
				CLANG_WARN_NON_LITERAL_NULL_CONVERSION = YES;
				CLANG_WARN_OBJC_IMPLICIT_RETAIN_SELF = YES;
				CLANG_WARN_OBJC_LITERAL_CONVERSION = YES;
				CLANG_WARN_OBJC_ROOT_CLASS = YES_ERROR;
				CLANG_WARN_QUOTED_INCLUDE_IN_FRAMEWORK_HEADER = YES;
				CLANG_WARN_RANGE_LOOP_ANALYSIS = YES;
				CLANG_WARN_STRICT_PROTOTYPES = YES;
				CLANG_WARN_SUSPICIOUS_MOVE = YES;
				CLANG_WARN_UNGUARDED_AVAILABILITY = YES_AGGRESSIVE;
				CLANG_WARN_UNREACHABLE_CODE = YES;
				CLANG_WARN__DUPLICATE_METHOD_MATCH = YES;
				COPY_PHASE_STRIP = NO;
				DEBUG_INFORMATION_FORMAT = dwarf;
				ENABLE_STRICT_OBJC_MSGSEND = YES;
				ENABLE_TESTABILITY = YES;
				GCC_C_LANGUAGE_STANDARD = gnu11;
				GCC_DYNAMIC_NO_PIC = NO;
				GCC_NO_COMMON_BLOCKS = YES;
				GCC_OPTIMIZATION_LEVEL = 0;
				GCC_PREPROCESSOR_DEFINITIONS = (
					"DEBUG=1",
					"$(inherited)",
				);
				GCC_WARN_64_TO_32_BIT_CONVERSION = YES;
				GCC_WARN_ABOUT_RETURN_TYPE = YES_ERROR;
				GCC_WARN_UNDECLARED_SELECTOR = YES;
				GCC_WARN_UNINITIALIZED_AUTOS = YES_AGGRESSIVE;
				GCC_WARN_UNUSED_FUNCTION = YES;
				GCC_WARN_UNUSED_VARIABLE = YES;
				IPHONEOS_DEPLOYMENT_TARGET = 15.5;
				MTL_ENABLE_DEBUG_INFO = INCLUDE_SOURCE;
				MTL_FAST_MATH = YES;
				ONLY_ACTIVE_ARCH = YES;
				SDKROOT = iphoneos;
				SWIFT_ACTIVE_COMPILATION_CONDITIONS = DEBUG;
				SWIFT_OPTIMIZATION_LEVEL = "-Onone";
			};
			name = Debug;
		};
		83FBD4EB2881C865001EEADC /* Release */ = {
			isa = XCBuildConfiguration;
			buildSettings = {
				ALWAYS_SEARCH_USER_PATHS = NO;
				CLANG_ANALYZER_NONNULL = YES;
				CLANG_ANALYZER_NUMBER_OBJECT_CONVERSION = YES_AGGRESSIVE;
				CLANG_CXX_LANGUAGE_STANDARD = "gnu++17";
				CLANG_ENABLE_MODULES = YES;
				CLANG_ENABLE_OBJC_ARC = YES;
				CLANG_ENABLE_OBJC_WEAK = YES;
				CLANG_WARN_BLOCK_CAPTURE_AUTORELEASING = YES;
				CLANG_WARN_BOOL_CONVERSION = YES;
				CLANG_WARN_COMMA = YES;
				CLANG_WARN_CONSTANT_CONVERSION = YES;
				CLANG_WARN_DEPRECATED_OBJC_IMPLEMENTATIONS = YES;
				CLANG_WARN_DIRECT_OBJC_ISA_USAGE = YES_ERROR;
				CLANG_WARN_DOCUMENTATION_COMMENTS = YES;
				CLANG_WARN_EMPTY_BODY = YES;
				CLANG_WARN_ENUM_CONVERSION = YES;
				CLANG_WARN_INFINITE_RECURSION = YES;
				CLANG_WARN_INT_CONVERSION = YES;
				CLANG_WARN_NON_LITERAL_NULL_CONVERSION = YES;
				CLANG_WARN_OBJC_IMPLICIT_RETAIN_SELF = YES;
				CLANG_WARN_OBJC_LITERAL_CONVERSION = YES;
				CLANG_WARN_OBJC_ROOT_CLASS = YES_ERROR;
				CLANG_WARN_QUOTED_INCLUDE_IN_FRAMEWORK_HEADER = YES;
				CLANG_WARN_RANGE_LOOP_ANALYSIS = YES;
				CLANG_WARN_STRICT_PROTOTYPES = YES;
				CLANG_WARN_SUSPICIOUS_MOVE = YES;
				CLANG_WARN_UNGUARDED_AVAILABILITY = YES_AGGRESSIVE;
				CLANG_WARN_UNREACHABLE_CODE = YES;
				CLANG_WARN__DUPLICATE_METHOD_MATCH = YES;
				COPY_PHASE_STRIP = NO;
				DEBUG_INFORMATION_FORMAT = "dwarf-with-dsym";
				ENABLE_NS_ASSERTIONS = NO;
				ENABLE_STRICT_OBJC_MSGSEND = YES;
				GCC_C_LANGUAGE_STANDARD = gnu11;
				GCC_NO_COMMON_BLOCKS = YES;
				GCC_WARN_64_TO_32_BIT_CONVERSION = YES;
				GCC_WARN_ABOUT_RETURN_TYPE = YES_ERROR;
				GCC_WARN_UNDECLARED_SELECTOR = YES;
				GCC_WARN_UNINITIALIZED_AUTOS = YES_AGGRESSIVE;
				GCC_WARN_UNUSED_FUNCTION = YES;
				GCC_WARN_UNUSED_VARIABLE = YES;
				IPHONEOS_DEPLOYMENT_TARGET = 15.5;
				MTL_ENABLE_DEBUG_INFO = NO;
				MTL_FAST_MATH = YES;
				SDKROOT = iphoneos;
				SWIFT_COMPILATION_MODE = wholemodule;
				SWIFT_OPTIMIZATION_LEVEL = "-O";
				VALIDATE_PRODUCT = YES;
			};
			name = Release;
		};
		83FBD4ED2881C865001EEADC /* Debug */ = {
			isa = XCBuildConfiguration;
			buildSettings = {
				ASSETCATALOG_COMPILER_APPICON_NAME = AppIcon;
				ASSETCATALOG_COMPILER_GLOBAL_ACCENT_COLOR_NAME = AccentColor;
				CODE_SIGN_STYLE = Automatic;
				CURRENT_PROJECT_VERSION = 1;
				GENERATE_INFOPLIST_FILE = YES;
				INFOPLIST_FILE = Workout/Info.plist;
				INFOPLIST_KEY_UIApplicationSupportsIndirectInputEvents = YES;
				INFOPLIST_KEY_UILaunchStoryboardName = LaunchScreen;
				INFOPLIST_KEY_UISupportedInterfaceOrientations = UIInterfaceOrientationPortrait;
				INFOPLIST_KEY_UISupportedInterfaceOrientations_iPad = "UIInterfaceOrientationPortrait UIInterfaceOrientationPortraitUpsideDown UIInterfaceOrientationLandscapeLeft UIInterfaceOrientationLandscapeRight";
				INFOPLIST_KEY_UISupportedInterfaceOrientations_iPhone = "UIInterfaceOrientationPortrait UIInterfaceOrientationLandscapeLeft UIInterfaceOrientationLandscapeRight";
				IPHONEOS_DEPLOYMENT_TARGET = 14.0;
				LD_RUNPATH_SEARCH_PATHS = (
					"$(inherited)",
					"@executable_path/Frameworks",
				);
				MARKETING_VERSION = 1.0;
				PRODUCT_BUNDLE_IDENTIFIER = com.application.gymondo.Workout;
				PRODUCT_NAME = "$(TARGET_NAME)";
				SWIFT_EMIT_LOC_STRINGS = YES;
				SWIFT_VERSION = 5.0;
				TARGETED_DEVICE_FAMILY = "1,2";
			};
			name = Debug;
		};
		83FBD4EE2881C865001EEADC /* Release */ = {
			isa = XCBuildConfiguration;
			buildSettings = {
				ASSETCATALOG_COMPILER_APPICON_NAME = AppIcon;
				ASSETCATALOG_COMPILER_GLOBAL_ACCENT_COLOR_NAME = AccentColor;
				CODE_SIGN_STYLE = Automatic;
				CURRENT_PROJECT_VERSION = 1;
				GENERATE_INFOPLIST_FILE = YES;
				INFOPLIST_FILE = Workout/Info.plist;
				INFOPLIST_KEY_UIApplicationSupportsIndirectInputEvents = YES;
				INFOPLIST_KEY_UILaunchStoryboardName = LaunchScreen;
				INFOPLIST_KEY_UISupportedInterfaceOrientations = UIInterfaceOrientationPortrait;
				INFOPLIST_KEY_UISupportedInterfaceOrientations_iPad = "UIInterfaceOrientationPortrait UIInterfaceOrientationPortraitUpsideDown UIInterfaceOrientationLandscapeLeft UIInterfaceOrientationLandscapeRight";
				INFOPLIST_KEY_UISupportedInterfaceOrientations_iPhone = "UIInterfaceOrientationPortrait UIInterfaceOrientationLandscapeLeft UIInterfaceOrientationLandscapeRight";
				IPHONEOS_DEPLOYMENT_TARGET = 14.0;
				LD_RUNPATH_SEARCH_PATHS = (
					"$(inherited)",
					"@executable_path/Frameworks",
				);
				MARKETING_VERSION = 1.0;
				PRODUCT_BUNDLE_IDENTIFIER = com.application.gymondo.Workout;
				PRODUCT_NAME = "$(TARGET_NAME)";
				SWIFT_EMIT_LOC_STRINGS = YES;
				SWIFT_VERSION = 5.0;
				TARGETED_DEVICE_FAMILY = "1,2";
			};
			name = Release;
		};
		83FBD4F02881C865001EEADC /* Debug */ = {
			isa = XCBuildConfiguration;
			buildSettings = {
				ALWAYS_EMBED_SWIFT_STANDARD_LIBRARIES = YES;
				BUNDLE_LOADER = "$(TEST_HOST)";
				CODE_SIGN_STYLE = Automatic;
				CURRENT_PROJECT_VERSION = 1;
				GENERATE_INFOPLIST_FILE = YES;
				IPHONEOS_DEPLOYMENT_TARGET = 15.5;
				MARKETING_VERSION = 1.0;
				PRODUCT_BUNDLE_IDENTIFIER = com.application.gymondo.WorkoutTests;
				PRODUCT_NAME = "$(TARGET_NAME)";
				SWIFT_EMIT_LOC_STRINGS = NO;
				SWIFT_VERSION = 5.0;
				TARGETED_DEVICE_FAMILY = "1,2";
				TEST_HOST = "$(BUILT_PRODUCTS_DIR)/Workout.app/Workout";
			};
			name = Debug;
		};
		83FBD4F12881C865001EEADC /* Release */ = {
			isa = XCBuildConfiguration;
			buildSettings = {
				ALWAYS_EMBED_SWIFT_STANDARD_LIBRARIES = YES;
				BUNDLE_LOADER = "$(TEST_HOST)";
				CODE_SIGN_STYLE = Automatic;
				CURRENT_PROJECT_VERSION = 1;
				GENERATE_INFOPLIST_FILE = YES;
				IPHONEOS_DEPLOYMENT_TARGET = 15.5;
				MARKETING_VERSION = 1.0;
				PRODUCT_BUNDLE_IDENTIFIER = com.application.gymondo.WorkoutTests;
				PRODUCT_NAME = "$(TARGET_NAME)";
				SWIFT_EMIT_LOC_STRINGS = NO;
				SWIFT_VERSION = 5.0;
				TARGETED_DEVICE_FAMILY = "1,2";
				TEST_HOST = "$(BUILT_PRODUCTS_DIR)/Workout.app/Workout";
			};
			name = Release;
		};
		83FBD4F32881C865001EEADC /* Debug */ = {
			isa = XCBuildConfiguration;
			buildSettings = {
				ALWAYS_EMBED_SWIFT_STANDARD_LIBRARIES = YES;
				CODE_SIGN_STYLE = Automatic;
				CURRENT_PROJECT_VERSION = 1;
				GENERATE_INFOPLIST_FILE = YES;
				MARKETING_VERSION = 1.0;
				PRODUCT_BUNDLE_IDENTIFIER = com.application.gymondo.WorkoutUITests;
				PRODUCT_NAME = "$(TARGET_NAME)";
				SWIFT_EMIT_LOC_STRINGS = NO;
				SWIFT_VERSION = 5.0;
				TARGETED_DEVICE_FAMILY = "1,2";
				TEST_TARGET_NAME = Workout;
			};
			name = Debug;
		};
		83FBD4F42881C865001EEADC /* Release */ = {
			isa = XCBuildConfiguration;
			buildSettings = {
				ALWAYS_EMBED_SWIFT_STANDARD_LIBRARIES = YES;
				CODE_SIGN_STYLE = Automatic;
				CURRENT_PROJECT_VERSION = 1;
				GENERATE_INFOPLIST_FILE = YES;
				MARKETING_VERSION = 1.0;
				PRODUCT_BUNDLE_IDENTIFIER = com.application.gymondo.WorkoutUITests;
				PRODUCT_NAME = "$(TARGET_NAME)";
				SWIFT_EMIT_LOC_STRINGS = NO;
				SWIFT_VERSION = 5.0;
				TARGETED_DEVICE_FAMILY = "1,2";
				TEST_TARGET_NAME = Workout;
			};
			name = Release;
		};
/* End XCBuildConfiguration section */

/* Begin XCConfigurationList section */
		83FBD4BD2881C864001EEADC /* Build configuration list for PBXProject "Workout" */ = {
			isa = XCConfigurationList;
			buildConfigurations = (
				83FBD4EA2881C865001EEADC /* Debug */,
				83FBD4EB2881C865001EEADC /* Release */,
			);
			defaultConfigurationIsVisible = 0;
			defaultConfigurationName = Release;
		};
		83FBD4EC2881C865001EEADC /* Build configuration list for PBXNativeTarget "Workout" */ = {
			isa = XCConfigurationList;
			buildConfigurations = (
				83FBD4ED2881C865001EEADC /* Debug */,
				83FBD4EE2881C865001EEADC /* Release */,
			);
			defaultConfigurationIsVisible = 0;
			defaultConfigurationName = Release;
		};
		83FBD4EF2881C865001EEADC /* Build configuration list for PBXNativeTarget "WorkoutTests" */ = {
			isa = XCConfigurationList;
			buildConfigurations = (
				83FBD4F02881C865001EEADC /* Debug */,
				83FBD4F12881C865001EEADC /* Release */,
			);
			defaultConfigurationIsVisible = 0;
			defaultConfigurationName = Release;
		};
		83FBD4F22881C865001EEADC /* Build configuration list for PBXNativeTarget "WorkoutUITests" */ = {
			isa = XCConfigurationList;
			buildConfigurations = (
				83FBD4F32881C865001EEADC /* Debug */,
				83FBD4F42881C865001EEADC /* Release */,
			);
			defaultConfigurationIsVisible = 0;
			defaultConfigurationName = Release;
		};
/* End XCConfigurationList section */
	};
	rootObject = 83FBD4BA2881C864001EEADC /* Project object */;
}
